
Microsoft Visual Studio Solution File, Format Version 12.00
# Visual Studio Version 17
VisualStudioVersion = 17.2.32519.379
MinimumVisualStudioVersion = 10.0.40219.1
Project("{FAE04EC0-301F-11D3-BF4B-00C04F79EFBC}") = "RuntimeInFramework", "RuntimeInFramework\RuntimeInFramework.csproj", "{226464D9-B62F-4D39-8CCC-ED5247BDCC71}"
EndProject
Global
	GlobalSection(SolutionConfigurationPlatforms) = preSolution
		Debug|Any CPU = Debug|Any CPU
		Release|Any CPU = Release|Any CPU
	EndGlobalSection
	GlobalSection(ProjectConfigurationPlatforms) = postSolution
		{226464D9-B62F-4D39-8CCC-ED5247BDCC71}.Debug|Any CPU.ActiveCfg = Debug|Any CPU
		{226464D9-B62F-4D39-8CCC-ED5247BDCC71}.Debug|Any CPU.Build.0 = Debug|Any CPU
		{226464D9-B62F-4D39-8CCC-ED5247BDCC71}.Release|Any CPU.ActiveCfg = Release|Any CPU
		{226464D9-B62F-4D39-8CCC-ED5247BDCC71}.Release|Any CPU.Build.0 = Release|Any CPU
	EndGlobalSection
	GlobalSection(SolutionProperties) = preSolution
		HideSolutionNode = FALSE
	EndGlobalSection
	GlobalSection(ExtensibilityGlobals) = postSolution
		SolutionGuid = {7035C3DC-7384-4AE9-AF95-2C51CA99A1B1}
	EndGlobalSection
EndGlobal
